
Microsoft Visual Studio Solution File, Format Version 12.00
# Visual Studio 15
VisualStudioVersion = 15.0.28307.421
MinimumVisualStudioVersion = 10.0.40219.1
Project("{9A19103F-16F7-4668-BE54-9A1E7A4F7556}") = "EventOrganizer", "EventOrganizer\EventOrganizer.csproj", "{BB49D8C9-6F82-49A8-A675-23A7523D86A1}"
EndProject
Project("{9A19103F-16F7-4668-BE54-9A1E7A4F7556}") = "EventOrganizer.DAL", "EventOrganizer.DAL\EventOrganizer.DAL.csproj", "{6530E5FB-12BE-4D28-B37F-2AF7C96E0EAF}"
EndProject
Project("{9A19103F-16F7-4668-BE54-9A1E7A4F7556}") = "EventOrganizer.BLL", "EventOrganizer.BLL\EventOrganizer.BLL.csproj", "{284C9513-7289-4B44-A7EF-ADADC0BF0BE7}"
EndProject
Project("{9A19103F-16F7-4668-BE54-9A1E7A4F7556}") = "EventOrganizer.Tests", "EventOrganizer.Tests\EventOrganizer.Tests.csproj", "{66948B23-743F-4764-A101-C49E61638297}"
EndProject
Global
	GlobalSection(SolutionConfigurationPlatforms) = preSolution
		Debug|Any CPU = Debug|Any CPU
		Release|Any CPU = Release|Any CPU
	EndGlobalSection
	GlobalSection(ProjectConfigurationPlatforms) = postSolution
		{BB49D8C9-6F82-49A8-A675-23A7523D86A1}.Debug|Any CPU.ActiveCfg = Debug|Any CPU
		{BB49D8C9-6F82-49A8-A675-23A7523D86A1}.Debug|Any CPU.Build.0 = Debug|Any CPU
		{BB49D8C9-6F82-49A8-A675-23A7523D86A1}.Release|Any CPU.ActiveCfg = Release|Any CPU
		{BB49D8C9-6F82-49A8-A675-23A7523D86A1}.Release|Any CPU.Build.0 = Release|Any CPU
		{6530E5FB-12BE-4D28-B37F-2AF7C96E0EAF}.Debug|Any CPU.ActiveCfg = Debug|Any CPU
		{6530E5FB-12BE-4D28-B37F-2AF7C96E0EAF}.Debug|Any CPU.Build.0 = Debug|Any CPU
		{6530E5FB-12BE-4D28-B37F-2AF7C96E0EAF}.Release|Any CPU.ActiveCfg = Release|Any CPU
		{6530E5FB-12BE-4D28-B37F-2AF7C96E0EAF}.Release|Any CPU.Build.0 = Release|Any CPU
		{284C9513-7289-4B44-A7EF-ADADC0BF0BE7}.Debug|Any CPU.ActiveCfg = Debug|Any CPU
		{284C9513-7289-4B44-A7EF-ADADC0BF0BE7}.Debug|Any CPU.Build.0 = Debug|Any CPU
		{284C9513-7289-4B44-A7EF-ADADC0BF0BE7}.Release|Any CPU.ActiveCfg = Release|Any CPU
		{284C9513-7289-4B44-A7EF-ADADC0BF0BE7}.Release|Any CPU.Build.0 = Release|Any CPU
		{66948B23-743F-4764-A101-C49E61638297}.Debug|Any CPU.ActiveCfg = Debug|Any CPU
		{66948B23-743F-4764-A101-C49E61638297}.Debug|Any CPU.Build.0 = Debug|Any CPU
		{66948B23-743F-4764-A101-C49E61638297}.Release|Any CPU.ActiveCfg = Release|Any CPU
		{66948B23-743F-4764-A101-C49E61638297}.Release|Any CPU.Build.0 = Release|Any CPU
	EndGlobalSection
	GlobalSection(SolutionProperties) = preSolution
		HideSolutionNode = FALSE
	EndGlobalSection
	GlobalSection(ExtensibilityGlobals) = postSolution
		SolutionGuid = {DB4D6945-67BC-49B4-A634-32086C70D137}
	EndGlobalSection
EndGlobal
